
Microsoft Visual Studio Solution File, Format Version 12.00
# Visual Studio Version 17
VisualStudioVersion = 17.3.32825.248
MinimumVisualStudioVersion = 10.0.40219.1
Project("{FAE04EC0-301F-11D3-BF4B-00C04F79EFBC}") = "ConsoleApp13", "ConsoleApp13\ConsoleApp13.csproj", "{03AE0197-84E1-4F4C-A95F-AC81B6B43E48}"
EndProject
Project("{FAE04EC0-301F-11D3-BF4B-00C04F79EFBC}") = "ConsoleApp1", "ConsoleApp1\ConsoleApp1.csproj", "{524555DA-DF8B-4957-80EC-2CFC88C87D59}"
EndProject
Project("{FAE04EC0-301F-11D3-BF4B-00C04F79EFBC}") = "ConsoleApp2", "ConsoleApp2\ConsoleApp2.csproj", "{234DDE31-5C53-41FC-A09F-80D16084728C}"
EndProject
Project("{FAE04EC0-301F-11D3-BF4B-00C04F79EFBC}") = "ConsoleApp3", "ConsoleApp3\ConsoleApp3.csproj", "{716C51A9-DB7F-4AD0-91DB-53CC850E7F83}"
EndProject
Project("{FAE04EC0-301F-11D3-BF4B-00C04F79EFBC}") = "ConsoleApp4", "ConsoleApp4\ConsoleApp4.csproj", "{07143376-4099-4C74-9AA9-C458966BF78E}"
EndProject
Global
	GlobalSection(SolutionConfigurationPlatforms) = preSolution
		Debug|Any CPU = Debug|Any CPU
		Release|Any CPU = Release|Any CPU
	EndGlobalSection
	GlobalSection(ProjectConfigurationPlatforms) = postSolution
		{03AE0197-84E1-4F4C-A95F-AC81B6B43E48}.Debug|Any CPU.ActiveCfg = Debug|Any CPU
		{03AE0197-84E1-4F4C-A95F-AC81B6B43E48}.Debug|Any CPU.Build.0 = Debug|Any CPU
		{03AE0197-84E1-4F4C-A95F-AC81B6B43E48}.Release|Any CPU.ActiveCfg = Release|Any CPU
		{03AE0197-84E1-4F4C-A95F-AC81B6B43E48}.Release|Any CPU.Build.0 = Release|Any CPU
		{524555DA-DF8B-4957-80EC-2CFC88C87D59}.Debug|Any CPU.ActiveCfg = Debug|Any CPU
		{524555DA-DF8B-4957-80EC-2CFC88C87D59}.Debug|Any CPU.Build.0 = Debug|Any CPU
		{524555DA-DF8B-4957-80EC-2CFC88C87D59}.Release|Any CPU.ActiveCfg = Release|Any CPU
		{524555DA-DF8B-4957-80EC-2CFC88C87D59}.Release|Any CPU.Build.0 = Release|Any CPU
		{234DDE31-5C53-41FC-A09F-80D16084728C}.Debug|Any CPU.ActiveCfg = Debug|Any CPU
		{234DDE31-5C53-41FC-A09F-80D16084728C}.Debug|Any CPU.Build.0 = Debug|Any CPU
		{234DDE31-5C53-41FC-A09F-80D16084728C}.Release|Any CPU.ActiveCfg = Release|Any CPU
		{234DDE31-5C53-41FC-A09F-80D16084728C}.Release|Any CPU.Build.0 = Release|Any CPU
		{716C51A9-DB7F-4AD0-91DB-53CC850E7F83}.Debug|Any CPU.ActiveCfg = Debug|Any CPU
		{716C51A9-DB7F-4AD0-91DB-53CC850E7F83}.Debug|Any CPU.Build.0 = Debug|Any CPU
		{716C51A9-DB7F-4AD0-91DB-53CC850E7F83}.Release|Any CPU.ActiveCfg = Release|Any CPU
		{716C51A9-DB7F-4AD0-91DB-53CC850E7F83}.Release|Any CPU.Build.0 = Release|Any CPU
		{07143376-4099-4C74-9AA9-C458966BF78E}.Debug|Any CPU.ActiveCfg = Debug|Any CPU
		{07143376-4099-4C74-9AA9-C458966BF78E}.Debug|Any CPU.Build.0 = Debug|Any CPU
		{07143376-4099-4C74-9AA9-C458966BF78E}.Release|Any CPU.ActiveCfg = Release|Any CPU
		{07143376-4099-4C74-9AA9-C458966BF78E}.Release|Any CPU.Build.0 = Release|Any CPU
	EndGlobalSection
	GlobalSection(SolutionProperties) = preSolution
		HideSolutionNode = FALSE
	EndGlobalSection
	GlobalSection(ExtensibilityGlobals) = postSolution
		SolutionGuid = {80C9DB34-0EA1-4246-8789-B73AE2F735C1}
	EndGlobalSection
EndGlobal
